# THIS IS AN AUTOGENERATED FILE. DO NOT EDIT THIS FILE DIRECTLY.
# yarn lockfile v1


browser-split@0.0.1:
  version "0.0.1"
  resolved "https://registry.npmjs.org/browser-split/-/browser-split-0.0.1.tgz"

camelize@^1.0.0:
  version "1.0.0"
  resolved "https://registry.npmjs.org/camelize/-/camelize-1.0.0.tgz"

dom-walk@^0.1.0:
  version "0.1.1"
  resolved "https://registry.npmjs.org/dom-walk/-/dom-walk-0.1.1.tgz"

error@^4.3.0:
  version "4.4.0"
  resolved "https://registry.npmjs.org/error/-/error-4.4.0.tgz"
  dependencies:
    camelize "^1.0.0"
    string-template "~0.2.0"
    xtend "~4.0.0"

esbuild@^0.12.17:
  version "0.12.17"
  resolved "https://registry.yarnpkg.com/esbuild/-/esbuild-0.12.17.tgz#5816f905c2905de0ebbc658860df7b5b48afbcd3"
  integrity sha512-GshKJyVYUnlSXIZj/NheC2O0Kblh42CS7P1wJyTbbIHevTG4jYMS9NNw8EOd8dDWD0dzydYHS01MpZoUcQXB4g==

ev-store@^7.0.0:
  version "7.0.0"
  resolved "https://registry.npmjs.org/ev-store/-/ev-store-7.0.0.tgz"
  dependencies:
    individual "^3.0.0"

function-bind@^1.1.1:
  version "1.1.1"
  resolved "https://registry.npmjs.org/function-bind/-/function-bind-1.1.1.tgz"
  integrity sha512-yIovAzMX49sF8Yl58fSCWJ5svSLuaibPxXQJFLmBObTuCr0Mf1KiPopGM9NiFjiYBCbfaa2Fh6breQ6ANVTI0A==

global@^4.3.0:
  version "4.3.2"
  resolved "https://registry.npmjs.org/global/-/global-4.3.2.tgz"
  dependencies:
    min-document "^2.19.0"
    process "~0.5.1"

has@^1.0.0:
  version "1.0.3"
  resolved "https://registry.npmjs.org/has/-/has-1.0.3.tgz"
  integrity sha512-f2dvO0VU6Oej7RkWJGrehjbzMAjFp5/VKPp5tTpWIV4JHHZK1/BxbFRtf/siA2SWTe09caDmVtYYzWEIbBS4zw==
  dependencies:
    function-bind "^1.1.1"

individual@^3.0.0:
  version "3.0.0"
  resolved "https://registry.npmjs.org/individual/-/individual-3.0.0.tgz"

is-finite@^1.0.0, is-finite@~1.0.1:
  version "1.0.2"
  resolved "https://registry.npmjs.org/is-finite/-/is-finite-1.0.2.tgz"
  dependencies:
    number-is-nan "^1.0.0"

is-integer@~1.0.4:
  version "1.0.7"
  resolved "https://registry.npmjs.org/is-integer/-/is-integer-1.0.7.tgz"
  dependencies:
    is-finite "^1.0.0"

is-object@^1.0.1:
  version "1.0.1"
  resolved "https://registry.npmjs.org/is-object/-/is-object-1.0.1.tgz"

isarray@0.0.1:
  version "0.0.1"
  resolved "https://registry.npmjs.org/isarray/-/isarray-0.0.1.tgz"

min-document@^2.19.0:
  version "2.19.0"
  resolved "https://registry.npmjs.org/min-document/-/min-document-2.19.0.tgz"
  dependencies:
    dom-walk "^0.1.0"

next-tick@^0.2.2:
  version "0.2.2"
  resolved "https://registry.npmjs.org/next-tick/-/next-tick-0.2.2.tgz"

number-is-nan@^1.0.0:
  version "1.0.1"
  resolved "https://registry.npmjs.org/number-is-nan/-/number-is-nan-1.0.1.tgz"

parliament-svg@^2.0.1:
  version "2.0.1"
  resolved "https://registry.npmjs.org/parliament-svg/-/parliament-svg-2.0.1.tgz"
  dependencies:
    round-precision "^1.0.0"
    sainte-lague "^2.0.0"
    virtual-hyperscript-svg "^2.0.0"

process@~0.5.1:
  version "0.5.2"
  resolved "https://registry.npmjs.org/process/-/process-0.5.2.tgz"

round-precision@^1.0.0:
  version "1.0.0"
  resolved "https://registry.npmjs.org/round-precision/-/round-precision-1.0.0.tgz"
  dependencies:
    is-finite "~1.0.1"
    is-integer "~1.0.4"

sainte-lague@^2.0.0:
  version "2.0.0"
  resolved "https://registry.npmjs.org/sainte-lague/-/sainte-lague-2.0.0.tgz"

string-template@~0.2.0:
  version "0.2.1"
  resolved "https://registry.npmjs.org/string-template/-/string-template-0.2.1.tgz"

virtual-dom@^2.0.1, virtual-dom@^2.1.1:
  version "2.1.1"
  resolved "https://registry.npmjs.org/virtual-dom/-/virtual-dom-2.1.1.tgz"
  dependencies:
    browser-split "0.0.1"
    error "^4.3.0"
    ev-store "^7.0.0"
    global "^4.3.0"
    is-object "^1.0.1"
    next-tick "^0.2.2"
    x-is-array "0.1.0"
    x-is-string "0.1.0"

virtual-hyperscript-svg@^2.0.0:
  version "2.0.0"
  resolved "https://registry.npmjs.org/virtual-hyperscript-svg/-/virtual-hyperscript-svg-2.0.0.tgz"
  dependencies:
    has "^1.0.0"
    isarray "0.0.1"
    virtual-dom "^2.0.1"
    xtend "^4.0.0"

x-is-array@0.1.0:
  version "0.1.0"
  resolved "https://registry.npmjs.org/x-is-array/-/x-is-array-0.1.0.tgz"

x-is-string@0.1.0:
  version "0.1.0"
  resolved "https://registry.npmjs.org/x-is-string/-/x-is-string-0.1.0.tgz"

xtend@^4.0.0, xtend@~4.0.0:
  version "4.0.1"
  resolved "https://registry.npmjs.org/xtend/-/xtend-4.0.1.tgz"
